
Microsoft Visual Studio Solution File, Format Version 12.00
# Visual Studio 15
VisualStudioVersion = 15.0.25807.0
MinimumVisualStudioVersion = 10.0.40219.1
Project("{2150E333-8FDC-42A3-9474-1A3956D46DE8}") = "Engine", "Engine", "{6F7C3141-CE91-43F4-A50E-D710FE927FA1}"
EndProject
Project("{2150E333-8FDC-42A3-9474-1A3956D46DE8}") = "Games", "Games", "{12022212-1090-4D52-A349-54EFD871AF43}"
EndProject
Project("{8BC9CEB8-8B4A-11D0-8D11-00A0C91BC942}") = "UE4", "Intermediate\ProjectFiles\UE4.vcxproj", "{5A9E01E0-619E-45B3-8E1D-2BC8CD5F50FB}"
EndProject
Project("{8BC9CEB8-8B4A-11D0-8D11-00A0C91BC942}") = "Lure", "Intermediate\ProjectFiles\Lure.vcxproj", "{425A800A-F9A5-4395-9DEC-A88AF37D0BE3}"
EndProject
Global
	GlobalSection(SolutionConfigurationPlatforms) = preSolution
		DebugGame Editor|HTML5 = DebugGame Editor|HTML5
		DebugGame Editor|Win32 = DebugGame Editor|Win32
		DebugGame Editor|Win64 = DebugGame Editor|Win64
		DebugGame|HTML5 = DebugGame|HTML5
		DebugGame|Win32 = DebugGame|Win32
		DebugGame|Win64 = DebugGame|Win64
		Development Editor|HTML5 = Development Editor|HTML5
		Development Editor|Win32 = Development Editor|Win32
		Development Editor|Win64 = Development Editor|Win64
		Development|HTML5 = Development|HTML5
		Development|Win32 = Development|Win32
		Development|Win64 = Development|Win64
		Shipping|HTML5 = Shipping|HTML5
		Shipping|Win32 = Shipping|Win32
		Shipping|Win64 = Shipping|Win64
	EndGlobalSection
	GlobalSection(ProjectConfigurationPlatforms) = postSolution
		{5A9E01E0-619E-45B3-8E1D-2BC8CD5F50FB}.DebugGame Editor|HTML5.ActiveCfg = BuiltWithUnrealBuildTool|Win32
		{5A9E01E0-619E-45B3-8E1D-2BC8CD5F50FB}.DebugGame Editor|HTML5.Build.0 = BuiltWithUnrealBuildTool|Win32
		{5A9E01E0-619E-45B3-8E1D-2BC8CD5F50FB}.DebugGame Editor|Win32.ActiveCfg = BuiltWithUnrealBuildTool|Win32
		{5A9E01E0-619E-45B3-8E1D-2BC8CD5F50FB}.DebugGame Editor|Win32.Build.0 = BuiltWithUnrealBuildTool|Win32
		{5A9E01E0-619E-45B3-8E1D-2BC8CD5F50FB}.DebugGame Editor|Win64.ActiveCfg = BuiltWithUnrealBuildTool|Win32
		{5A9E01E0-619E-45B3-8E1D-2BC8CD5F50FB}.DebugGame Editor|Win64.Build.0 = BuiltWithUnrealBuildTool|Win32
		{5A9E01E0-619E-45B3-8E1D-2BC8CD5F50FB}.DebugGame|HTML5.ActiveCfg = BuiltWithUnrealBuildTool|Win32
		{5A9E01E0-619E-45B3-8E1D-2BC8CD5F50FB}.DebugGame|HTML5.Build.0 = BuiltWithUnrealBuildTool|Win32
		{5A9E01E0-619E-45B3-8E1D-2BC8CD5F50FB}.DebugGame|Win32.ActiveCfg = BuiltWithUnrealBuildTool|Win32
		{5A9E01E0-619E-45B3-8E1D-2BC8CD5F50FB}.DebugGame|Win32.Build.0 = BuiltWithUnrealBuildTool|Win32
		{5A9E01E0-619E-45B3-8E1D-2BC8CD5F50FB}.DebugGame|Win64.ActiveCfg = BuiltWithUnrealBuildTool|Win32
		{5A9E01E0-619E-45B3-8E1D-2BC8CD5F50FB}.DebugGame|Win64.Build.0 = BuiltWithUnrealBuildTool|Win32
		{5A9E01E0-619E-45B3-8E1D-2BC8CD5F50FB}.Development Editor|HTML5.ActiveCfg = BuiltWithUnrealBuildTool|Win32
		{5A9E01E0-619E-45B3-8E1D-2BC8CD5F50FB}.Development Editor|HTML5.Build.0 = BuiltWithUnrealBuildTool|Win32
		{5A9E01E0-619E-45B3-8E1D-2BC8CD5F50FB}.Development Editor|Win32.ActiveCfg = BuiltWithUnrealBuildTool|Win32
		{5A9E01E0-619E-45B3-8E1D-2BC8CD5F50FB}.Development Editor|Win32.Build.0 = BuiltWithUnrealBuildTool|Win32
		{5A9E01E0-619E-45B3-8E1D-2BC8CD5F50FB}.Development Editor|Win64.ActiveCfg = BuiltWithUnrealBuildTool|Win32
		{5A9E01E0-619E-45B3-8E1D-2BC8CD5F50FB}.Development Editor|Win64.Build.0 = BuiltWithUnrealBuildTool|Win32
		{5A9E01E0-619E-45B3-8E1D-2BC8CD5F50FB}.Development|HTML5.ActiveCfg = BuiltWithUnrealBuildTool|Win32
		{5A9E01E0-619E-45B3-8E1D-2BC8CD5F50FB}.Development|HTML5.Build.0 = BuiltWithUnrealBuildTool|Win32
		{5A9E01E0-619E-45B3-8E1D-2BC8CD5F50FB}.Development|Win32.ActiveCfg = BuiltWithUnrealBuildTool|Win32
		{5A9E01E0-619E-45B3-8E1D-2BC8CD5F50FB}.Development|Win32.Build.0 = BuiltWithUnrealBuildTool|Win32
		{5A9E01E0-619E-45B3-8E1D-2BC8CD5F50FB}.Development|Win64.ActiveCfg = BuiltWithUnrealBuildTool|Win32
		{5A9E01E0-619E-45B3-8E1D-2BC8CD5F50FB}.Development|Win64.Build.0 = BuiltWithUnrealBuildTool|Win32
		{5A9E01E0-619E-45B3-8E1D-2BC8CD5F50FB}.Shipping|HTML5.ActiveCfg = BuiltWithUnrealBuildTool|Win32
		{5A9E01E0-619E-45B3-8E1D-2BC8CD5F50FB}.Shipping|HTML5.Build.0 = BuiltWithUnrealBuildTool|Win32
		{5A9E01E0-619E-45B3-8E1D-2BC8CD5F50FB}.Shipping|Win32.ActiveCfg = BuiltWithUnrealBuildTool|Win32
		{5A9E01E0-619E-45B3-8E1D-2BC8CD5F50FB}.Shipping|Win32.Build.0 = BuiltWithUnrealBuildTool|Win32
		{5A9E01E0-619E-45B3-8E1D-2BC8CD5F50FB}.Shipping|Win64.ActiveCfg = BuiltWithUnrealBuildTool|Win32
		{5A9E01E0-619E-45B3-8E1D-2BC8CD5F50FB}.Shipping|Win64.Build.0 = BuiltWithUnrealBuildTool|Win32
		{425A800A-F9A5-4395-9DEC-A88AF37D0BE3}.DebugGame Editor|HTML5.ActiveCfg = HTML5_DebugGame_Editor|Win32
		{425A800A-F9A5-4395-9DEC-A88AF37D0BE3}.DebugGame Editor|Win32.ActiveCfg = DebugGame_Editor|Win32
		{425A800A-F9A5-4395-9DEC-A88AF37D0BE3}.DebugGame Editor|Win64.ActiveCfg = DebugGame_Editor|x64
		{425A800A-F9A5-4395-9DEC-A88AF37D0BE3}.DebugGame Editor|Win64.Build.0 = DebugGame_Editor|x64
		{425A800A-F9A5-4395-9DEC-A88AF37D0BE3}.DebugGame|HTML5.ActiveCfg = HTML5_DebugGame_Game|Win32
		{425A800A-F9A5-4395-9DEC-A88AF37D0BE3}.DebugGame|HTML5.Build.0 = HTML5_DebugGame_Game|Win32
		{425A800A-F9A5-4395-9DEC-A88AF37D0BE3}.DebugGame|Win32.ActiveCfg = DebugGame_Game|Win32
		{425A800A-F9A5-4395-9DEC-A88AF37D0BE3}.DebugGame|Win32.Build.0 = DebugGame_Game|Win32
		{425A800A-F9A5-4395-9DEC-A88AF37D0BE3}.DebugGame|Win64.ActiveCfg = DebugGame_Game|x64
		{425A800A-F9A5-4395-9DEC-A88AF37D0BE3}.DebugGame|Win64.Build.0 = DebugGame_Game|x64
		{425A800A-F9A5-4395-9DEC-A88AF37D0BE3}.Development Editor|HTML5.ActiveCfg = HTML5_Development_Editor|Win32
		{425A800A-F9A5-4395-9DEC-A88AF37D0BE3}.Development Editor|Win32.ActiveCfg = Development_Editor|Win32
		{425A800A-F9A5-4395-9DEC-A88AF37D0BE3}.Development Editor|Win64.ActiveCfg = Development_Editor|x64
		{425A800A-F9A5-4395-9DEC-A88AF37D0BE3}.Development Editor|Win64.Build.0 = Development_Editor|x64
		{425A800A-F9A5-4395-9DEC-A88AF37D0BE3}.Development|HTML5.ActiveCfg = HTML5_Development_Game|Win32
		{425A800A-F9A5-4395-9DEC-A88AF37D0BE3}.Development|HTML5.Build.0 = HTML5_Development_Game|Win32
		{425A800A-F9A5-4395-9DEC-A88AF37D0BE3}.Development|Win32.ActiveCfg = Development_Game|Win32
		{425A800A-F9A5-4395-9DEC-A88AF37D0BE3}.Development|Win32.Build.0 = Development_Game|Win32
		{425A800A-F9A5-4395-9DEC-A88AF37D0BE3}.Development|Win64.ActiveCfg = Development_Game|x64
		{425A800A-F9A5-4395-9DEC-A88AF37D0BE3}.Development|Win64.Build.0 = Development_Game|x64
		{425A800A-F9A5-4395-9DEC-A88AF37D0BE3}.Shipping|HTML5.ActiveCfg = HTML5_Shipping_Game|Win32
		{425A800A-F9A5-4395-9DEC-A88AF37D0BE3}.Shipping|HTML5.Build.0 = HTML5_Shipping_Game|Win32
		{425A800A-F9A5-4395-9DEC-A88AF37D0BE3}.Shipping|Win32.ActiveCfg = Shipping_Game|Win32
		{425A800A-F9A5-4395-9DEC-A88AF37D0BE3}.Shipping|Win32.Build.0 = Shipping_Game|Win32
		{425A800A-F9A5-4395-9DEC-A88AF37D0BE3}.Shipping|Win64.ActiveCfg = Shipping_Game|x64
		{425A800A-F9A5-4395-9DEC-A88AF37D0BE3}.Shipping|Win64.Build.0 = Shipping_Game|x64
	EndGlobalSection
	GlobalSection(SolutionProperties) = preSolution
		HideSolutionNode = FALSE
	EndGlobalSection
	GlobalSection(NestedProjects) = preSolution
		{5A9E01E0-619E-45B3-8E1D-2BC8CD5F50FB} = {6F7C3141-CE91-43F4-A50E-D710FE927FA1}
		{425A800A-F9A5-4395-9DEC-A88AF37D0BE3} = {12022212-1090-4D52-A349-54EFD871AF43}
	EndGlobalSection
	GlobalSection(ExtensibilityGlobals) = postSolution
		SolutionGuid = {9F8ED7D1-B665-4ED1-A4A4-139BE6A6858C}
	EndGlobalSection
EndGlobal
